{
 "graph_lock": {
  "nodes": {
   "0": {
    "options": "fmt:header_only=False\nfmt:shared=False\nfmt:with_fmt_alias=False\nfmt:with_os_api=True\nsimdjson:shared=False\nsimdjson:threads=True\nspdlog:header_only=False\nspdlog:no_exceptions=False\nspdlog:shared=False\nspdlog:wchar_filenames=False\nspdlog:wchar_support=False",
    "requires": [
     "1",
     "3"
    ],
    "path": "..\\conanfile.txt",
    "context": "host"
   },
   "1": {
    "ref": "spdlog/1.9.2",
    "options": "header_only=False\nno_exceptions=False\nshared=False\nwchar_filenames=False\nwchar_support=False\nfmt:header_only=False\nfmt:shared=False\nfmt:with_fmt_alias=False\nfmt:with_os_api=True",
    "package_id": "26b885d7ef0883598f1d5dc9d2e504e10115011f",
    "prev": "0",
    "requires": [
     "2"
    ],
    "context": "host"
   },
   "2": {
    "ref": "fmt/8.0.1",
    "options": "header_only=False\nshared=False\nwith_fmt_alias=False\nwith_os_api=True",
    "package_id": "2be90237c5e294c2f30bf6b043d047624b893db3",
    "prev": "0",
    "context": "host"
   },
   "3": {
    "ref": "simdjson/0.9.7",
    "options": "shared=False\nthreads=True",
    "package_id": "df3d1c91d1f382d10ee977d40799303f3fbbfa5e",
    "prev": "0",
    "context": "host"
   }
  },
  "revisions_enabled": false
 },
 "version": "0.4",
 "profile_host": "[settings]\narch=x86_64\nbuild_type=Release\ncompiler=Visual Studio\ncompiler.runtime=MD\ncompiler.version=16\nos=Windows\nos_build=Windows\n[options]\n[build_requires]\n[env]\n"
}